// !$*UTF8*$!
{
	archiveVersion = 1;
	classes = {
	};
	objectVersion = 56;
	objects = {

/* Begin PBXBuildFile section */
		FFBA86B32B9356540015EB4D /* AppDelegate.swift in Sources */ = {isa = PBXBuildFile; fileRef = FFBA86B22B9356540015EB4D /* AppDelegate.swift */; };
		FFBA86B52B9356540015EB4D /* SceneDelegate.swift in Sources */ = {isa = PBXBuildFile; fileRef = FFBA86B42B9356540015EB4D /* SceneDelegate.swift */; };
		FFBA86BA2B9356550015EB4D /* Main.storyboard in Resources */ = {isa = PBXBuildFile; fileRef = FFBA86B82B9356550015EB4D /* Main.storyboard */; };
		FFBA86BC2B9356570015EB4D /* Assets.xcassets in Resources */ = {isa = PBXBuildFile; fileRef = FFBA86BB2B9356570015EB4D /* Assets.xcassets */; };
		FFBA86BF2B9356570015EB4D /* LaunchScreen.storyboard in Resources */ = {isa = PBXBuildFile; fileRef = FFBA86BD2B9356570015EB4D /* LaunchScreen.storyboard */; };
		FFBA86C72B9357B90015EB4D /* SayHelloVC.swift in Sources */ = {isa = PBXBuildFile; fileRef = FFBA86C62B9357B90015EB4D /* SayHelloVC.swift */; };
		FFBA86C92B9368860015EB4D /* EmojiTranslator.storyboard in Resources */ = {isa = PBXBuildFile; fileRef = FFBA86C82B9368860015EB4D /* EmojiTranslator.storyboard */; };
		FFBA86CB2B936A180015EB4D /* EmojiTranslatorVC.swift in Sources */ = {isa = PBXBuildFile; fileRef = FFBA86CA2B936A180015EB4D /* EmojiTranslatorVC.swift */; };
/* End PBXBuildFile section */

/* Begin PBXFileReference section */
		FFBA86AF2B9356540015EB4D /* helloworldinteraction.app */ = {isa = PBXFileReference; explicitFileType = wrapper.application; includeInIndex = 0; path = helloworldinteraction.app; sourceTree = BUILT_PRODUCTS_DIR; };
		FFBA86B22B9356540015EB4D /* AppDelegate.swift */ = {isa = PBXFileReference; lastKnownFileType = sourcecode.swift; path = AppDelegate.swift; sourceTree = "<group>"; };
		FFBA86B42B9356540015EB4D /* SceneDelegate.swift */ = {isa = PBXFileReference; lastKnownFileType = sourcecode.swift; path = SceneDelegate.swift; sourceTree = "<group>"; };
		FFBA86B92B9356550015EB4D /* Base */ = {isa = PBXFileReference; lastKnownFileType = file.storyboard; name = Base; path = Base.lproj/Main.storyboard; sourceTree = "<group>"; };
		FFBA86BB2B9356570015EB4D /* Assets.xcassets */ = {isa = PBXFileReference; lastKnownFileType = folder.assetcatalog; path = Assets.xcassets; sourceTree = "<group>"; };
		FFBA86BE2B9356570015EB4D /* Base */ = {isa = PBXFileReference; lastKnownFileType = file.storyboard; name = Base; path = Base.lproj/LaunchScreen.storyboard; sourceTree = "<group>"; };
		FFBA86C02B9356570015EB4D /* Info.plist */ = {isa = PBXFileReference; lastKnownFileType = text.plist.xml; path = Info.plist; sourceTree = "<group>"; };
		FFBA86C62B9357B90015EB4D /* SayHelloVC.swift */ = {isa = PBXFileReference; lastKnownFileType = sourcecode.swift; path = SayHelloVC.swift; sourceTree = "<group>"; };
		FFBA86C82B9368860015EB4D /* EmojiTranslator.storyboard */ = {isa = PBXFileReference; lastKnownFileType = file.storyboard; path = EmojiTranslator.storyboard; sourceTree = "<group>"; };
		FFBA86CA2B936A180015EB4D /* EmojiTranslatorVC.swift */ = {isa = PBXFileReference; lastKnownFileType = sourcecode.swift; path = EmojiTranslatorVC.swift; sourceTree = "<group>"; };
/* End PBXFileReference section */

/* Begin PBXFrameworksBuildPhase section */
		FFBA86AC2B9356540015EB4D /* Frameworks */ = {
			isa = PBXFrameworksBuildPhase;
			buildActionMask = 2147483647;
			files = (
			);
			runOnlyForDeploymentPostprocessing = 0;
		};
/* End PBXFrameworksBuildPhase section */

/* Begin PBXGroup section */
		FFBA86A62B9356540015EB4D = {
			isa = PBXGroup;
			children = (
				FFBA86B12B9356540015EB4D /* helloworldinteraction */,
				FFBA86B02B9356540015EB4D /* Products */,
			);
			sourceTree = "<group>";
		};
		FFBA86B02B9356540015EB4D /* Products */ = {
			isa = PBXGroup;
			children = (
				FFBA86AF2B9356540015EB4D /* helloworldinteraction.app */,
			);
			name = Products;
			sourceTree = "<group>";
		};
		FFBA86B12B9356540015EB4D /* helloworldinteraction */ = {
			isa = PBXGroup;
			children = (
				FFBA86B22B9356540015EB4D /* AppDelegate.swift */,
				FFBA86B42B9356540015EB4D /* SceneDelegate.swift */,
				FFBA86C62B9357B90015EB4D /* SayHelloVC.swift */,
				FFBA86C82B9368860015EB4D /* EmojiTranslator.storyboard */,
				FFBA86CA2B936A180015EB4D /* EmojiTranslatorVC.swift */,
				FFBA86B82B9356550015EB4D /* Main.storyboard */,
				FFBA86BB2B9356570015EB4D /* Assets.xcassets */,
				FFBA86BD2B9356570015EB4D /* LaunchScreen.storyboard */,
				FFBA86C02B9356570015EB4D /* Info.plist */,
			);
			path = helloworldinteraction;
			sourceTree = "<group>";
		};
/* End PBXGroup section */

/* Begin PBXNativeTarget section */
		FFBA86AE2B9356540015EB4D /* helloworldinteraction */ = {
			isa = PBXNativeTarget;
			buildConfigurationList = FFBA86C32B9356570015EB4D /* Build configuration list for PBXNativeTarget "helloworldinteraction" */;
			buildPhases = (
				FFBA86AB2B9356540015EB4D /* Sources */,
				FFBA86AC2B9356540015EB4D /* Frameworks */,
				FFBA86AD2B9356540015EB4D /* Resources */,
			);
			buildRules = (
			);
			dependencies = (
			);
			name = helloworldinteraction;
			productName = helloworldinteraction;
			productReference = FFBA86AF2B9356540015EB4D /* helloworldinteraction.app */;
			productType = "com.apple.product-type.application";
		};
/* End PBXNativeTarget section */

/* Begin PBXProject section */
		FFBA86A72B9356540015EB4D /* Project object */ = {
			isa = PBXProject;
			attributes = {
				BuildIndependentTargetsInParallel = 1;
				LastSwiftUpdateCheck = 1520;
				LastUpgradeCheck = 1520;
				TargetAttributes = {
					FFBA86AE2B9356540015EB4D = {
						CreatedOnToolsVersion = 15.2;
					};
				};
			};
			buildConfigurationList = FFBA86AA2B9356540015EB4D /* Build configuration list for PBXProject "helloworldinteraction" */;
			compatibilityVersion = "Xcode 14.0";
			developmentRegion = en;
			hasScannedForEncodings = 0;
			knownRegions = (
				en,
				Base,
			);
			mainGroup = FFBA86A62B9356540015EB4D;
			productRefGroup = FFBA86B02B9356540015EB4D /* Products */;
			projectDirPath = "";
			projectRoot = "";
			targets = (
				FFBA86AE2B9356540015EB4D /* helloworldinteraction */,
			);
		};
/* End PBXProject section */

/* Begin PBXResourcesBuildPhase section */
		FFBA86AD2B9356540015EB4D /* Resources */ = {
			isa = PBXResourcesBuildPhase;
			buildActionMask = 2147483647;
			files = (
				FFBA86BF2B9356570015EB4D /* LaunchScreen.storyboard in Resources */,
				FFBA86BC2B9356570015EB4D /* Assets.xcassets in Resources */,
				FFBA86BA2B9356550015EB4D /* Main.storyboard in Resources */,
				FFBA86C92B9368860015EB4D /* EmojiTranslator.storyboard in Resources */,
			);
			runOnlyForDeploymentPostprocessing = 0;
		};
/* End PBXResourcesBuildPhase section */

/* Begin PBXSourcesBuildPhase section */
		FFBA86AB2B9356540015EB4D /* Sources */ = {
			isa = PBXSourcesBuildPhase;
			buildActionMask = 2147483647;
			files = (
				FFBA86B32B9356540015EB4D /* AppDelegate.swift in Sources */,
				FFBA86CB2B936A180015EB4D /* EmojiTranslatorVC.swift in Sources */,
				FFBA86B52B9356540015EB4D /* SceneDelegate.swift in Sources */,
				FFBA86C72B9357B90015EB4D /* SayHelloVC.swift in Sources */,
			);
			runOnlyForDeploymentPostprocessing = 0;
		};
/* End PBXSourcesBuildPhase section */

/* Begin PBXVariantGroup section */
		FFBA86B82B9356550015EB4D /* Main.storyboard */ = {
			isa = PBXVariantGroup;
			children = (
				FFBA86B92B9356550015EB4D /* Base */,
			);
			name = Main.storyboard;
			sourceTree = "<group>";
		};
		FFBA86BD2B9356570015EB4D /* LaunchScreen.storyboard */ = {
			isa = PBXVariantGroup;
			children = (
				FFBA86BE2B9356570015EB4D /* Base */,
			);
			name = LaunchScreen.storyboard;
			sourceTree = "<group>";
		};
/* End PBXVariantGroup section */

/* Begin XCBuildConfiguration section */
		FFBA86C12B9356570015EB4D /* Debug */ = {
			isa = XCBuildConfiguration;
			buildSettings = {
				ALWAYS_SEARCH_USER_PATHS = NO;
				ASSETCATALOG_COMPILER_GENERATE_SWIFT_ASSET_SYMBOL_EXTENSIONS = YES;
				CLANG_ANALYZER_NONNULL = YES;
				CLANG_ANALYZER_NUMBER_OBJECT_CONVERSION = YES_AGGRESSIVE;
				CLANG_CXX_LANGUAGE_STANDARD = "gnu++20";
				CLANG_ENABLE_MODULES = YES;
				CLANG_ENABLE_OBJC_ARC = YES;
				CLANG_ENABLE_OBJC_WEAK = YES;
				CLANG_WARN_BLOCK_CAPTURE_AUTORELEASING = YES;
				CLANG_WARN_BOOL_CONVERSION = YES;
				CLANG_WARN_COMMA = YES;
				CLANG_WARN_CONSTANT_CONVERSION = YES;
				CLANG_WARN_DEPRECATED_OBJC_IMPLEMENTATIONS = YES;
				CLANG_WARN_DIRECT_OBJC_ISA_USAGE = YES_ERROR;
				CLANG_WARN_DOCUMENTATION_COMMENTS = YES;
				CLANG_WARN_EMPTY_BODY = YES;
				CLANG_WARN_ENUM_CONVERSION = YES;
				CLANG_WARN_INFINITE_RECURSION = YES;
				CLANG_WARN_INT_CONVERSION = YES;
				CLANG_WARN_NON_LITERAL_NULL_CONVERSION = YES;
				CLANG_WARN_OBJC_IMPLICIT_RETAIN_SELF = YES;
				CLANG_WARN_OBJC_LITERAL_CONVERSION = YES;
				CLANG_WARN_OBJC_ROOT_CLASS = YES_ERROR;
				CLANG_WARN_QUOTED_INCLUDE_IN_FRAMEWORK_HEADER = YES;
				CLANG_WARN_RANGE_LOOP_ANALYSIS = YES;
				CLANG_WARN_STRICT_PROTOTYPES = YES;
				CLANG_WARN_SUSPICIOUS_MOVE = YES;
				CLANG_WARN_UNGUARDED_AVAILABILITY = YES_AGGRESSIVE;
				CLANG_WARN_UNREACHABLE_CODE = YES;
				CLANG_WARN__DUPLICATE_METHOD_MATCH = YES;
				COPY_PHASE_STRIP = NO;
				DEBUG_INFORMATION_FORMAT = dwarf;
				ENABLE_STRICT_OBJC_MSGSEND = YES;
				ENABLE_TESTABILITY = YES;
				ENABLE_USER_SCRIPT_SANDBOXING = YES;
				GCC_C_LANGUAGE_STANDARD = gnu17;
				GCC_DYNAMIC_NO_PIC = NO;
				GCC_NO_COMMON_BLOCKS = YES;
				GCC_OPTIMIZATION_LEVEL = 0;
				GCC_PREPROCESSOR_DEFINITIONS = (
					"DEBUG=1",
					"$(inherited)",
				);
				GCC_WARN_64_TO_32_BIT_CONVERSION = YES;
				GCC_WARN_ABOUT_RETURN_TYPE = YES_ERROR;
				GCC_WARN_UNDECLARED_SELECTOR = YES;
				GCC_WARN_UNINITIALIZED_AUTOS = YES_AGGRESSIVE;
				GCC_WARN_UNUSED_FUNCTION = YES;
				GCC_WARN_UNUSED_VARIABLE = YES;
				IPHONEOS_DEPLOYMENT_TARGET = 17.2;
				LOCALIZATION_PREFERS_STRING_CATALOGS = YES;
				MTL_ENABLE_DEBUG_INFO = INCLUDE_SOURCE;
				MTL_FAST_MATH = YES;
				ONLY_ACTIVE_ARCH = YES;
				SDKROOT = iphoneos;
				SWIFT_ACTIVE_COMPILATION_CONDITIONS = "DEBUG $(inherited)";
				SWIFT_OPTIMIZATION_LEVEL = "-Onone";
			};
			name = Debug;
		};
		FFBA86C22B9356570015EB4D /* Release */ = {
			isa = XCBuildConfiguration;
			buildSettings = {
				ALWAYS_SEARCH_USER_PATHS = NO;
				ASSETCATALOG_COMPILER_GENERATE_SWIFT_ASSET_SYMBOL_EXTENSIONS = YES;
				CLANG_ANALYZER_NONNULL = YES;
				CLANG_ANALYZER_NUMBER_OBJECT_CONVERSION = YES_AGGRESSIVE;
				CLANG_CXX_LANGUAGE_STANDARD = "gnu++20";
				CLANG_ENABLE_MODULES = YES;
				CLANG_ENABLE_OBJC_ARC = YES;
				CLANG_ENABLE_OBJC_WEAK = YES;
				CLANG_WARN_BLOCK_CAPTURE_AUTORELEASING = YES;
				CLANG_WARN_BOOL_CONVERSION = YES;
				CLANG_WARN_COMMA = YES;
				CLANG_WARN_CONSTANT_CONVERSION = YES;
				CLANG_WARN_DEPRECATED_OBJC_IMPLEMENTATIONS = YES;
				CLANG_WARN_DIRECT_OBJC_ISA_USAGE = YES_ERROR;
				CLANG_WARN_DOCUMENTATION_COMMENTS = YES;
				CLANG_WARN_EMPTY_BODY = YES;
				CLANG_WARN_ENUM_CONVERSION = YES;
				CLANG_WARN_INFINITE_RECURSION = YES;
				CLANG_WARN_INT_CONVERSION = YES;
				CLANG_WARN_NON_LITERAL_NULL_CONVERSION = YES;
				CLANG_WARN_OBJC_IMPLICIT_RETAIN_SELF = YES;
				CLANG_WARN_OBJC_LITERAL_CONVERSION = YES;
				CLANG_WARN_OBJC_ROOT_CLASS = YES_ERROR;
				CLANG_WARN_QUOTED_INCLUDE_IN_FRAMEWORK_HEADER = YES;
				CLANG_WARN_RANGE_LOOP_ANALYSIS = YES;
				CLANG_WARN_STRICT_PROTOTYPES = YES;
				CLANG_WARN_SUSPICIOUS_MOVE = YES;
				CLANG_WARN_UNGUARDED_AVAILABILITY = YES_AGGRESSIVE;
				CLANG_WARN_UNREACHABLE_CODE = YES;
				CLANG_WARN__DUPLICATE_METHOD_MATCH = YES;
				COPY_PHASE_STRIP = NO;
				DEBUG_INFORMATION_FORMAT = "dwarf-with-dsym";
				ENABLE_NS_ASSERTIONS = NO;
				ENABLE_STRICT_OBJC_MSGSEND = YES;
				ENABLE_USER_SCRIPT_SANDBOXING = YES;
				GCC_C_LANGUAGE_STANDARD = gnu17;
				GCC_NO_COMMON_BLOCKS = YES;
				GCC_WARN_64_TO_32_BIT_CONVERSION = YES;
				GCC_WARN_ABOUT_RETURN_TYPE = YES_ERROR;
				GCC_WARN_UNDECLARED_SELECTOR = YES;
				GCC_WARN_UNINITIALIZED_AUTOS = YES_AGGRESSIVE;
				GCC_WARN_UNUSED_FUNCTION = YES;
				GCC_WARN_UNUSED_VARIABLE = YES;
				IPHONEOS_DEPLOYMENT_TARGET = 17.2;
				LOCALIZATION_PREFERS_STRING_CATALOGS = YES;
				MTL_ENABLE_DEBUG_INFO = NO;
				MTL_FAST_MATH = YES;
				SDKROOT = iphoneos;
				SWIFT_COMPILATION_MODE = wholemodule;
				VALIDATE_PRODUCT = YES;
			};
			name = Release;
		};
		FFBA86C42B9356570015EB4D /* Debug */ = {
			isa = XCBuildConfiguration;
			buildSettings = {
				ASSETCATALOG_COMPILER_APPICON_NAME = AppIcon;
				ASSETCATALOG_COMPILER_GLOBAL_ACCENT_COLOR_NAME = AccentColor;
				CODE_SIGN_STYLE = Automatic;
				CURRENT_PROJECT_VERSION = 1;
				DEVELOPMENT_TEAM = 4MMDZ72L5F;
				GENERATE_INFOPLIST_FILE = YES;
				INFOPLIST_FILE = helloworldinteraction/Info.plist;
				INFOPLIST_KEY_UIApplicationSupportsIndirectInputEvents = YES;
				INFOPLIST_KEY_UILaunchStoryboardName = LaunchScreen;
				INFOPLIST_KEY_UIMainStoryboardFile = Main;
				INFOPLIST_KEY_UISupportedInterfaceOrientations_iPad = "UIInterfaceOrientationPortrait UIInterfaceOrientationPortraitUpsideDown UIInterfaceOrientationLandscapeLeft UIInterfaceOrientationLandscapeRight";
				INFOPLIST_KEY_UISupportedInterfaceOrientations_iPhone = "UIInterfaceOrientationPortrait UIInterfaceOrientationLandscapeLeft UIInterfaceOrientationLandscapeRight";
				LD_RUNPATH_SEARCH_PATHS = (
					"$(inherited)",
					"@executable_path/Frameworks",
				);
				MARKETING_VERSION = 1.0;
				PRODUCT_BUNDLE_IDENTIFIER = com.s1thu.helloworldinteraction;
				PRODUCT_NAME = "$(TARGET_NAME)";
				SUPPORTED_PLATFORMS = "iphoneos iphonesimulator";
				SUPPORTS_MACCATALYST = NO;
				SUPPORTS_MAC_DESIGNED_FOR_IPHONE_IPAD = NO;
				SUPPORTS_XR_DESIGNED_FOR_IPHONE_IPAD = NO;
				SWIFT_EMIT_LOC_STRINGS = YES;
				SWIFT_VERSION = 5.0;
				TARGETED_DEVICE_FAMILY = "1,2";
			};
			name = Debug;
		};
		FFBA86C52B9356570015EB4D /* Release */ = {
			isa = XCBuildConfiguration;
			buildSettings = {
				ASSETCATALOG_COMPILER_APPICON_NAME = AppIcon;
				ASSETCATALOG_COMPILER_GLOBAL_ACCENT_COLOR_NAME = AccentColor;
				CODE_SIGN_STYLE = Automatic;
				CURRENT_PROJECT_VERSION = 1;
				DEVELOPMENT_TEAM = 4MMDZ72L5F;
				GENERATE_INFOPLIST_FILE = YES;
				INFOPLIST_FILE = helloworldinteraction/Info.plist;
				INFOPLIST_KEY_UIApplicationSupportsIndirectInputEvents = YES;
				INFOPLIST_KEY_UILaunchStoryboardName = LaunchScreen;
				INFOPLIST_KEY_UIMainStoryboardFile = Main;
				INFOPLIST_KEY_UISupportedInterfaceOrientations_iPad = "UIInterfaceOrientationPortrait UIInterfaceOrientationPortraitUpsideDown UIInterfaceOrientationLandscapeLeft UIInterfaceOrientationLandscapeRight";
				INFOPLIST_KEY_UISupportedInterfaceOrientations_iPhone = "UIInterfaceOrientationPortrait UIInterfaceOrientationLandscapeLeft UIInterfaceOrientationLandscapeRight";
				LD_RUNPATH_SEARCH_PATHS = (
					"$(inherited)",
					"@executable_path/Frameworks",
				);
				MARKETING_VERSION = 1.0;
				PRODUCT_BUNDLE_IDENTIFIER = com.s1thu.helloworldinteraction;
				PRODUCT_NAME = "$(TARGET_NAME)";
				SUPPORTED_PLATFORMS = "iphoneos iphonesimulator";
				SUPPORTS_MACCATALYST = NO;
				SUPPORTS_MAC_DESIGNED_FOR_IPHONE_IPAD = NO;
				SUPPORTS_XR_DESIGNED_FOR_IPHONE_IPAD = NO;
				SWIFT_EMIT_LOC_STRINGS = YES;
				SWIFT_VERSION = 5.0;
				TARGETED_DEVICE_FAMILY = "1,2";
			};
			name = Release;
		};
/* End XCBuildConfiguration section */

/* Begin XCConfigurationList section */
		FFBA86AA2B9356540015EB4D /* Build configuration list for PBXProject "helloworldinteraction" */ = {
			isa = XCConfigurationList;
			buildConfigurations = (
				FFBA86C12B9356570015EB4D /* Debug */,
				FFBA86C22B9356570015EB4D /* Release */,
			);
			defaultConfigurationIsVisible = 0;
			defaultConfigurationName = Release;
		};
		FFBA86C32B9356570015EB4D /* Build configuration list for PBXNativeTarget "helloworldinteraction" */ = {
			isa = XCConfigurationList;
			buildConfigurations = (
				FFBA86C42B9356570015EB4D /* Debug */,
				FFBA86C52B9356570015EB4D /* Release */,
			);
			defaultConfigurationIsVisible = 0;
			defaultConfigurationName = Release;
		};
/* End XCConfigurationList section */
	};
	rootObject = FFBA86A72B9356540015EB4D /* Project object */;
}
