// !$*UTF8*$!
{
	archiveVersion = 1;
	classes = {
	};
	objectVersion = 56;
	objects = {

/* Begin PBXBuildFile section */
		FF413E542BDA994F0022A410 /* AppDelegate.swift in Sources */ = {isa = PBXBuildFile; fileRef = FF413E532BDA994F0022A410 /* AppDelegate.swift */; };
		FF413E562BDA994F0022A410 /* SceneDelegate.swift in Sources */ = {isa = PBXBuildFile; fileRef = FF413E552BDA994F0022A410 /* SceneDelegate.swift */; };
		FF413E582BDA994F0022A410 /* ViewController.swift in Sources */ = {isa = PBXBuildFile; fileRef = FF413E572BDA994F0022A410 /* ViewController.swift */; };
		FF413E5B2BDA994F0022A410 /* Base in Resources */ = {isa = PBXBuildFile; fileRef = FF413E5A2BDA994F0022A410 /* Base */; };
		FF413E5D2BDA99510022A410 /* Assets.xcassets in Resources */ = {isa = PBXBuildFile; fileRef = FF413E5C2BDA99510022A410 /* Assets.xcassets */; };
		FF413E602BDA99510022A410 /* Base in Resources */ = {isa = PBXBuildFile; fileRef = FF413E5F2BDA99510022A410 /* Base */; };
		FF413E682BDBE8770022A410 /* rick-morty-characters.json in Resources */ = {isa = PBXBuildFile; fileRef = FF413E672BDBE8770022A410 /* rick-morty-characters.json */; };
		FF413E6A2BDBE9A20022A410 /* RickMortyResponse.swift in Sources */ = {isa = PBXBuildFile; fileRef = FF413E692BDBE9A20022A410 /* RickMortyResponse.swift */; };
		FF413E6C2BDBF1220022A410 /* Post.json in Resources */ = {isa = PBXBuildFile; fileRef = FF413E6B2BDBF1220022A410 /* Post.json */; };
		FF413E6E2BDBF1370022A410 /* PostVO.swift in Sources */ = {isa = PBXBuildFile; fileRef = FF413E6D2BDBF1370022A410 /* PostVO.swift */; };
/* End PBXBuildFile section */

/* Begin PBXFileReference section */
		FF413E502BDA994F0022A410 /* networking-api-call.app */ = {isa = PBXFileReference; explicitFileType = wrapper.application; includeInIndex = 0; path = "networking-api-call.app"; sourceTree = BUILT_PRODUCTS_DIR; };
		FF413E532BDA994F0022A410 /* AppDelegate.swift */ = {isa = PBXFileReference; lastKnownFileType = sourcecode.swift; path = AppDelegate.swift; sourceTree = "<group>"; };
		FF413E552BDA994F0022A410 /* SceneDelegate.swift */ = {isa = PBXFileReference; lastKnownFileType = sourcecode.swift; path = SceneDelegate.swift; sourceTree = "<group>"; };
		FF413E572BDA994F0022A410 /* ViewController.swift */ = {isa = PBXFileReference; lastKnownFileType = sourcecode.swift; path = ViewController.swift; sourceTree = "<group>"; };
		FF413E5A2BDA994F0022A410 /* Base */ = {isa = PBXFileReference; lastKnownFileType = file.storyboard; name = Base; path = Base.lproj/Main.storyboard; sourceTree = "<group>"; };
		FF413E5C2BDA99510022A410 /* Assets.xcassets */ = {isa = PBXFileReference; lastKnownFileType = folder.assetcatalog; path = Assets.xcassets; sourceTree = "<group>"; };
		FF413E5F2BDA99510022A410 /* Base */ = {isa = PBXFileReference; lastKnownFileType = file.storyboard; name = Base; path = Base.lproj/LaunchScreen.storyboard; sourceTree = "<group>"; };
		FF413E612BDA99510022A410 /* Info.plist */ = {isa = PBXFileReference; lastKnownFileType = text.plist.xml; path = Info.plist; sourceTree = "<group>"; };
		FF413E672BDBE8770022A410 /* rick-morty-characters.json */ = {isa = PBXFileReference; fileEncoding = 4; lastKnownFileType = text.json; path = "rick-morty-characters.json"; sourceTree = "<group>"; };
		FF413E692BDBE9A20022A410 /* RickMortyResponse.swift */ = {isa = PBXFileReference; lastKnownFileType = sourcecode.swift; path = RickMortyResponse.swift; sourceTree = "<group>"; };
		FF413E6B2BDBF1220022A410 /* Post.json */ = {isa = PBXFileReference; fileEncoding = 4; lastKnownFileType = text.json; path = Post.json; sourceTree = "<group>"; };
		FF413E6D2BDBF1370022A410 /* PostVO.swift */ = {isa = PBXFileReference; lastKnownFileType = sourcecode.swift; path = PostVO.swift; sourceTree = "<group>"; };
/* End PBXFileReference section */

/* Begin PBXFrameworksBuildPhase section */
		FF413E4D2BDA994F0022A410 /* Frameworks */ = {
			isa = PBXFrameworksBuildPhase;
			buildActionMask = 2147483647;
			files = (
			);
			runOnlyForDeploymentPostprocessing = 0;
		};
/* End PBXFrameworksBuildPhase section */

/* Begin PBXGroup section */
		FF413E472BDA994F0022A410 = {
			isa = PBXGroup;
			children = (
				FF413E6D2BDBF1370022A410 /* PostVO.swift */,
				FF413E522BDA994F0022A410 /* networking-api-call */,
				FF413E512BDA994F0022A410 /* Products */,
			);
			sourceTree = "<group>";
		};
		FF413E512BDA994F0022A410 /* Products */ = {
			isa = PBXGroup;
			children = (
				FF413E502BDA994F0022A410 /* networking-api-call.app */,
			);
			name = Products;
			sourceTree = "<group>";
		};
		FF413E522BDA994F0022A410 /* networking-api-call */ = {
			isa = PBXGroup;
			children = (
				FF413E532BDA994F0022A410 /* AppDelegate.swift */,
				FF413E552BDA994F0022A410 /* SceneDelegate.swift */,
				FF413E572BDA994F0022A410 /* ViewController.swift */,
				FF413E592BDA994F0022A410 /* Main.storyboard */,
				FF413E5C2BDA99510022A410 /* Assets.xcassets */,
				FF413E5E2BDA99510022A410 /* LaunchScreen.storyboard */,
				FF413E612BDA99510022A410 /* Info.plist */,
				FF413E672BDBE8770022A410 /* rick-morty-characters.json */,
				FF413E692BDBE9A20022A410 /* RickMortyResponse.swift */,
				FF413E6B2BDBF1220022A410 /* Post.json */,
			);
			path = "networking-api-call";
			sourceTree = "<group>";
		};
/* End PBXGroup section */

/* Begin PBXNativeTarget section */
		FF413E4F2BDA994F0022A410 /* networking-api-call */ = {
			isa = PBXNativeTarget;
			buildConfigurationList = FF413E642BDA99510022A410 /* Build configuration list for PBXNativeTarget "networking-api-call" */;
			buildPhases = (
				FF413E4C2BDA994F0022A410 /* Sources */,
				FF413E4D2BDA994F0022A410 /* Frameworks */,
				FF413E4E2BDA994F0022A410 /* Resources */,
			);
			buildRules = (
			);
			dependencies = (
			);
			name = "networking-api-call";
			productName = "networking-api-call";
			productReference = FF413E502BDA994F0022A410 /* networking-api-call.app */;
			productType = "com.apple.product-type.application";
		};
/* End PBXNativeTarget section */

/* Begin PBXProject section */
		FF413E482BDA994F0022A410 /* Project object */ = {
			isa = PBXProject;
			attributes = {
				BuildIndependentTargetsInParallel = 1;
				LastSwiftUpdateCheck = 1530;
				LastUpgradeCheck = 1530;
				TargetAttributes = {
					FF413E4F2BDA994F0022A410 = {
						CreatedOnToolsVersion = 15.3;
					};
				};
			};
			buildConfigurationList = FF413E4B2BDA994F0022A410 /* Build configuration list for PBXProject "networking-api-call" */;
			compatibilityVersion = "Xcode 14.0";
			developmentRegion = en;
			hasScannedForEncodings = 0;
			knownRegions = (
				en,
				Base,
			);
			mainGroup = FF413E472BDA994F0022A410;
			productRefGroup = FF413E512BDA994F0022A410 /* Products */;
			projectDirPath = "";
			projectRoot = "";
			targets = (
				FF413E4F2BDA994F0022A410 /* networking-api-call */,
			);
		};
/* End PBXProject section */

/* Begin PBXResourcesBuildPhase section */
		FF413E4E2BDA994F0022A410 /* Resources */ = {
			isa = PBXResourcesBuildPhase;
			buildActionMask = 2147483647;
			files = (
				FF413E682BDBE8770022A410 /* rick-morty-characters.json in Resources */,
				FF413E5D2BDA99510022A410 /* Assets.xcassets in Resources */,
				FF413E6C2BDBF1220022A410 /* Post.json in Resources */,
				FF413E602BDA99510022A410 /* Base in Resources */,
				FF413E5B2BDA994F0022A410 /* Base in Resources */,
			);
			runOnlyForDeploymentPostprocessing = 0;
		};
/* End PBXResourcesBuildPhase section */

/* Begin PBXSourcesBuildPhase section */
		FF413E4C2BDA994F0022A410 /* Sources */ = {
			isa = PBXSourcesBuildPhase;
			buildActionMask = 2147483647;
			files = (
				FF413E582BDA994F0022A410 /* ViewController.swift in Sources */,
				FF413E542BDA994F0022A410 /* AppDelegate.swift in Sources */,
				FF413E562BDA994F0022A410 /* SceneDelegate.swift in Sources */,
				FF413E6A2BDBE9A20022A410 /* RickMortyResponse.swift in Sources */,
				FF413E6E2BDBF1370022A410 /* PostVO.swift in Sources */,
			);
			runOnlyForDeploymentPostprocessing = 0;
		};
/* End PBXSourcesBuildPhase section */

/* Begin PBXVariantGroup section */
		FF413E592BDA994F0022A410 /* Main.storyboard */ = {
			isa = PBXVariantGroup;
			children = (
				FF413E5A2BDA994F0022A410 /* Base */,
			);
			name = Main.storyboard;
			sourceTree = "<group>";
		};
		FF413E5E2BDA99510022A410 /* LaunchScreen.storyboard */ = {
			isa = PBXVariantGroup;
			children = (
				FF413E5F2BDA99510022A410 /* Base */,
			);
			name = LaunchScreen.storyboard;
			sourceTree = "<group>";
		};
/* End PBXVariantGroup section */

/* Begin XCBuildConfiguration section */
		FF413E622BDA99510022A410 /* Debug */ = {
			isa = XCBuildConfiguration;
			buildSettings = {
				ALWAYS_SEARCH_USER_PATHS = NO;
				ASSETCATALOG_COMPILER_GENERATE_SWIFT_ASSET_SYMBOL_EXTENSIONS = YES;
				CLANG_ANALYZER_NONNULL = YES;
				CLANG_ANALYZER_NUMBER_OBJECT_CONVERSION = YES_AGGRESSIVE;
				CLANG_CXX_LANGUAGE_STANDARD = "gnu++20";
				CLANG_ENABLE_MODULES = YES;
				CLANG_ENABLE_OBJC_ARC = YES;
				CLANG_ENABLE_OBJC_WEAK = YES;
				CLANG_WARN_BLOCK_CAPTURE_AUTORELEASING = YES;
				CLANG_WARN_BOOL_CONVERSION = YES;
				CLANG_WARN_COMMA = YES;
				CLANG_WARN_CONSTANT_CONVERSION = YES;
				CLANG_WARN_DEPRECATED_OBJC_IMPLEMENTATIONS = YES;
				CLANG_WARN_DIRECT_OBJC_ISA_USAGE = YES_ERROR;
				CLANG_WARN_DOCUMENTATION_COMMENTS = YES;
				CLANG_WARN_EMPTY_BODY = YES;
				CLANG_WARN_ENUM_CONVERSION = YES;
				CLANG_WARN_INFINITE_RECURSION = YES;
				CLANG_WARN_INT_CONVERSION = YES;
				CLANG_WARN_NON_LITERAL_NULL_CONVERSION = YES;
				CLANG_WARN_OBJC_IMPLICIT_RETAIN_SELF = YES;
				CLANG_WARN_OBJC_LITERAL_CONVERSION = YES;
				CLANG_WARN_OBJC_ROOT_CLASS = YES_ERROR;
				CLANG_WARN_QUOTED_INCLUDE_IN_FRAMEWORK_HEADER = YES;
				CLANG_WARN_RANGE_LOOP_ANALYSIS = YES;
				CLANG_WARN_STRICT_PROTOTYPES = YES;
				CLANG_WARN_SUSPICIOUS_MOVE = YES;
				CLANG_WARN_UNGUARDED_AVAILABILITY = YES_AGGRESSIVE;
				CLANG_WARN_UNREACHABLE_CODE = YES;
				CLANG_WARN__DUPLICATE_METHOD_MATCH = YES;
				COPY_PHASE_STRIP = NO;
				DEBUG_INFORMATION_FORMAT = dwarf;
				ENABLE_STRICT_OBJC_MSGSEND = YES;
				ENABLE_TESTABILITY = YES;
				ENABLE_USER_SCRIPT_SANDBOXING = YES;
				GCC_C_LANGUAGE_STANDARD = gnu17;
				GCC_DYNAMIC_NO_PIC = NO;
				GCC_NO_COMMON_BLOCKS = YES;
				GCC_OPTIMIZATION_LEVEL = 0;
				GCC_PREPROCESSOR_DEFINITIONS = (
					"DEBUG=1",
					"$(inherited)",
				);
				GCC_WARN_64_TO_32_BIT_CONVERSION = YES;
				GCC_WARN_ABOUT_RETURN_TYPE = YES_ERROR;
				GCC_WARN_UNDECLARED_SELECTOR = YES;
				GCC_WARN_UNINITIALIZED_AUTOS = YES_AGGRESSIVE;
				GCC_WARN_UNUSED_FUNCTION = YES;
				GCC_WARN_UNUSED_VARIABLE = YES;
				IPHONEOS_DEPLOYMENT_TARGET = 17.4;
				LOCALIZATION_PREFERS_STRING_CATALOGS = YES;
				MTL_ENABLE_DEBUG_INFO = INCLUDE_SOURCE;
				MTL_FAST_MATH = YES;
				ONLY_ACTIVE_ARCH = YES;
				SDKROOT = iphoneos;
				SWIFT_ACTIVE_COMPILATION_CONDITIONS = "DEBUG $(inherited)";
				SWIFT_OPTIMIZATION_LEVEL = "-Onone";
			};
			name = Debug;
		};
		FF413E632BDA99510022A410 /* Release */ = {
			isa = XCBuildConfiguration;
			buildSettings = {
				ALWAYS_SEARCH_USER_PATHS = NO;
				ASSETCATALOG_COMPILER_GENERATE_SWIFT_ASSET_SYMBOL_EXTENSIONS = YES;
				CLANG_ANALYZER_NONNULL = YES;
				CLANG_ANALYZER_NUMBER_OBJECT_CONVERSION = YES_AGGRESSIVE;
				CLANG_CXX_LANGUAGE_STANDARD = "gnu++20";
				CLANG_ENABLE_MODULES = YES;
				CLANG_ENABLE_OBJC_ARC = YES;
				CLANG_ENABLE_OBJC_WEAK = YES;
				CLANG_WARN_BLOCK_CAPTURE_AUTORELEASING = YES;
				CLANG_WARN_BOOL_CONVERSION = YES;
				CLANG_WARN_COMMA = YES;
				CLANG_WARN_CONSTANT_CONVERSION = YES;
				CLANG_WARN_DEPRECATED_OBJC_IMPLEMENTATIONS = YES;
				CLANG_WARN_DIRECT_OBJC_ISA_USAGE = YES_ERROR;
				CLANG_WARN_DOCUMENTATION_COMMENTS = YES;
				CLANG_WARN_EMPTY_BODY = YES;
				CLANG_WARN_ENUM_CONVERSION = YES;
				CLANG_WARN_INFINITE_RECURSION = YES;
				CLANG_WARN_INT_CONVERSION = YES;
				CLANG_WARN_NON_LITERAL_NULL_CONVERSION = YES;
				CLANG_WARN_OBJC_IMPLICIT_RETAIN_SELF = YES;
				CLANG_WARN_OBJC_LITERAL_CONVERSION = YES;
				CLANG_WARN_OBJC_ROOT_CLASS = YES_ERROR;
				CLANG_WARN_QUOTED_INCLUDE_IN_FRAMEWORK_HEADER = YES;
				CLANG_WARN_RANGE_LOOP_ANALYSIS = YES;
				CLANG_WARN_STRICT_PROTOTYPES = YES;
				CLANG_WARN_SUSPICIOUS_MOVE = YES;
				CLANG_WARN_UNGUARDED_AVAILABILITY = YES_AGGRESSIVE;
				CLANG_WARN_UNREACHABLE_CODE = YES;
				CLANG_WARN__DUPLICATE_METHOD_MATCH = YES;
				COPY_PHASE_STRIP = NO;
				DEBUG_INFORMATION_FORMAT = "dwarf-with-dsym";
				ENABLE_NS_ASSERTIONS = NO;
				ENABLE_STRICT_OBJC_MSGSEND = YES;
				ENABLE_USER_SCRIPT_SANDBOXING = YES;
				GCC_C_LANGUAGE_STANDARD = gnu17;
				GCC_NO_COMMON_BLOCKS = YES;
				GCC_WARN_64_TO_32_BIT_CONVERSION = YES;
				GCC_WARN_ABOUT_RETURN_TYPE = YES_ERROR;
				GCC_WARN_UNDECLARED_SELECTOR = YES;
				GCC_WARN_UNINITIALIZED_AUTOS = YES_AGGRESSIVE;
				GCC_WARN_UNUSED_FUNCTION = YES;
				GCC_WARN_UNUSED_VARIABLE = YES;
				IPHONEOS_DEPLOYMENT_TARGET = 17.4;
				LOCALIZATION_PREFERS_STRING_CATALOGS = YES;
				MTL_ENABLE_DEBUG_INFO = NO;
				MTL_FAST_MATH = YES;
				SDKROOT = iphoneos;
				SWIFT_COMPILATION_MODE = wholemodule;
				VALIDATE_PRODUCT = YES;
			};
			name = Release;
		};
		FF413E652BDA99510022A410 /* Debug */ = {
			isa = XCBuildConfiguration;
			buildSettings = {
				ASSETCATALOG_COMPILER_APPICON_NAME = AppIcon;
				ASSETCATALOG_COMPILER_GLOBAL_ACCENT_COLOR_NAME = AccentColor;
				CODE_SIGN_STYLE = Automatic;
				CURRENT_PROJECT_VERSION = 1;
				DEVELOPMENT_TEAM = 4MMDZ72L5F;
				GENERATE_INFOPLIST_FILE = YES;
				INFOPLIST_FILE = "networking-api-call/Info.plist";
				INFOPLIST_KEY_UIApplicationSupportsIndirectInputEvents = YES;
				INFOPLIST_KEY_UILaunchStoryboardName = LaunchScreen;
				INFOPLIST_KEY_UIMainStoryboardFile = Main;
				INFOPLIST_KEY_UISupportedInterfaceOrientations_iPad = "UIInterfaceOrientationPortrait UIInterfaceOrientationPortraitUpsideDown UIInterfaceOrientationLandscapeLeft UIInterfaceOrientationLandscapeRight";
				INFOPLIST_KEY_UISupportedInterfaceOrientations_iPhone = "UIInterfaceOrientationPortrait UIInterfaceOrientationLandscapeLeft UIInterfaceOrientationLandscapeRight";
				LD_RUNPATH_SEARCH_PATHS = (
					"$(inherited)",
					"@executable_path/Frameworks",
				);
				MARKETING_VERSION = 1.0;
				PRODUCT_BUNDLE_IDENTIFIER = "com.s1thu.networking-api-call";
				PRODUCT_NAME = "$(TARGET_NAME)";
				SUPPORTED_PLATFORMS = "iphoneos iphonesimulator";
				SUPPORTS_MACCATALYST = NO;
				SUPPORTS_MAC_DESIGNED_FOR_IPHONE_IPAD = NO;
				SUPPORTS_XR_DESIGNED_FOR_IPHONE_IPAD = NO;
				SWIFT_EMIT_LOC_STRINGS = YES;
				SWIFT_VERSION = 5.0;
				TARGETED_DEVICE_FAMILY = "1,2";
			};
			name = Debug;
		};
		FF413E662BDA99510022A410 /* Release */ = {
			isa = XCBuildConfiguration;
			buildSettings = {
				ASSETCATALOG_COMPILER_APPICON_NAME = AppIcon;
				ASSETCATALOG_COMPILER_GLOBAL_ACCENT_COLOR_NAME = AccentColor;
				CODE_SIGN_STYLE = Automatic;
				CURRENT_PROJECT_VERSION = 1;
				DEVELOPMENT_TEAM = 4MMDZ72L5F;
				GENERATE_INFOPLIST_FILE = YES;
				INFOPLIST_FILE = "networking-api-call/Info.plist";
				INFOPLIST_KEY_UIApplicationSupportsIndirectInputEvents = YES;
				INFOPLIST_KEY_UILaunchStoryboardName = LaunchScreen;
				INFOPLIST_KEY_UIMainStoryboardFile = Main;
				INFOPLIST_KEY_UISupportedInterfaceOrientations_iPad = "UIInterfaceOrientationPortrait UIInterfaceOrientationPortraitUpsideDown UIInterfaceOrientationLandscapeLeft UIInterfaceOrientationLandscapeRight";
				INFOPLIST_KEY_UISupportedInterfaceOrientations_iPhone = "UIInterfaceOrientationPortrait UIInterfaceOrientationLandscapeLeft UIInterfaceOrientationLandscapeRight";
				LD_RUNPATH_SEARCH_PATHS = (
					"$(inherited)",
					"@executable_path/Frameworks",
				);
				MARKETING_VERSION = 1.0;
				PRODUCT_BUNDLE_IDENTIFIER = "com.s1thu.networking-api-call";
				PRODUCT_NAME = "$(TARGET_NAME)";
				SUPPORTED_PLATFORMS = "iphoneos iphonesimulator";
				SUPPORTS_MACCATALYST = NO;
				SUPPORTS_MAC_DESIGNED_FOR_IPHONE_IPAD = NO;
				SUPPORTS_XR_DESIGNED_FOR_IPHONE_IPAD = NO;
				SWIFT_EMIT_LOC_STRINGS = YES;
				SWIFT_VERSION = 5.0;
				TARGETED_DEVICE_FAMILY = "1,2";
			};
			name = Release;
		};
/* End XCBuildConfiguration section */

/* Begin XCConfigurationList section */
		FF413E4B2BDA994F0022A410 /* Build configuration list for PBXProject "networking-api-call" */ = {
			isa = XCConfigurationList;
			buildConfigurations = (
				FF413E622BDA99510022A410 /* Debug */,
				FF413E632BDA99510022A410 /* Release */,
			);
			defaultConfigurationIsVisible = 0;
			defaultConfigurationName = Release;
		};
		FF413E642BDA99510022A410 /* Build configuration list for PBXNativeTarget "networking-api-call" */ = {
			isa = XCConfigurationList;
			buildConfigurations = (
				FF413E652BDA99510022A410 /* Debug */,
				FF413E662BDA99510022A410 /* Release */,
			);
			defaultConfigurationIsVisible = 0;
			defaultConfigurationName = Release;
		};
/* End XCConfigurationList section */
	};
	rootObject = FF413E482BDA994F0022A410 /* Project object */;
}
