// !$*UTF8*$!
{
	archiveVersion = 1;
	classes = {
	};
	objectVersion = 56;
	objects = {

/* Begin PBXBuildFile section */
		FF3C21912BA713C500998715 /* AppDelegate.swift in Sources */ = {isa = PBXBuildFile; fileRef = FF3C21902BA713C500998715 /* AppDelegate.swift */; };
		FF3C21932BA713C500998715 /* SceneDelegate.swift in Sources */ = {isa = PBXBuildFile; fileRef = FF3C21922BA713C500998715 /* SceneDelegate.swift */; };
		FF3C21952BA713C500998715 /* ViewController.swift in Sources */ = {isa = PBXBuildFile; fileRef = FF3C21942BA713C500998715 /* ViewController.swift */; };
		FF3C21982BA713C500998715 /* Base in Resources */ = {isa = PBXBuildFile; fileRef = FF3C21972BA713C500998715 /* Base */; };
		FF3C219A2BA713C600998715 /* Assets.xcassets in Resources */ = {isa = PBXBuildFile; fileRef = FF3C21992BA713C600998715 /* Assets.xcassets */; };
		FF3C219D2BA713C600998715 /* Base in Resources */ = {isa = PBXBuildFile; fileRef = FF3C219C2BA713C600998715 /* Base */; };
		FF3C21AE2BA7174F00998715 /* BookCell.swift in Sources */ = {isa = PBXBuildFile; fileRef = FF3C21AC2BA7174F00998715 /* BookCell.swift */; };
		FF3C21AF2BA7174F00998715 /* BookCell.xib in Resources */ = {isa = PBXBuildFile; fileRef = FF3C21AD2BA7174F00998715 /* BookCell.xib */; };
		FF3C21B12BA7183700998715 /* BookListVC.swift in Sources */ = {isa = PBXBuildFile; fileRef = FF3C21B02BA7183700998715 /* BookListVC.swift */; };
		FF3C21B32BA7499600998715 /* Book.swift in Sources */ = {isa = PBXBuildFile; fileRef = FF3C21B22BA7499600998715 /* Book.swift */; };
		FF45F1942BB05B9200E237F0 /* RecommendedCell.xib in Resources */ = {isa = PBXBuildFile; fileRef = FF45F1932BB05B9200E237F0 /* RecommendedCell.xib */; };
		FF45F1952BB05B9200E237F0 /* RecommendedCell.swift in Sources */ = {isa = PBXBuildFile; fileRef = FF45F1922BB05B9200E237F0 /* RecommendedCell.swift */; };
<<<<<<< HEAD
		FF93E0882BAB3619006BDEDD /* BookDetailVC.swift in Sources */ = {isa = PBXBuildFile; fileRef = FF93E0872BAB3619006BDEDD /* BookDetailVC.swift */; };
		FFB9398B2BB9947F004FEA6C /* BookListVM.swift in Sources */ = {isa = PBXBuildFile; fileRef = FFB9398A2BB9947F004FEA6C /* BookListVM.swift */; };
		FFB9398D2BB99F71004FEA6C /* BookDetailVM.swift in Sources */ = {isa = PBXBuildFile; fileRef = FFB9398C2BB99F71004FEA6C /* BookDetailVM.swift */; };
=======
		FF93E0882BAB3619006BDEDD /* DetailVC.swift in Sources */ = {isa = PBXBuildFile; fileRef = FF93E0872BAB3619006BDEDD /* DetailVC.swift */; };
>>>>>>> refs/remotes/origin/main
		FFE392B82BB84DF200A49F91 /* BookStoreDataSource.swift in Sources */ = {isa = PBXBuildFile; fileRef = FFE392B72BB84DF200A49F91 /* BookStoreDataSource.swift */; };
		FFE392BB2BB8597400A49F91 /* BookRepository.swift in Sources */ = {isa = PBXBuildFile; fileRef = FFE392BA2BB8597400A49F91 /* BookRepository.swift */; };
/* End PBXBuildFile section */

/* Begin PBXFileReference section */
		FF3C218D2BA713C500998715 /* uitblView.app */ = {isa = PBXFileReference; explicitFileType = wrapper.application; includeInIndex = 0; path = uitblView.app; sourceTree = BUILT_PRODUCTS_DIR; };
		FF3C21902BA713C500998715 /* AppDelegate.swift */ = {isa = PBXFileReference; lastKnownFileType = sourcecode.swift; path = AppDelegate.swift; sourceTree = "<group>"; };
		FF3C21922BA713C500998715 /* SceneDelegate.swift */ = {isa = PBXFileReference; lastKnownFileType = sourcecode.swift; path = SceneDelegate.swift; sourceTree = "<group>"; };
		FF3C21942BA713C500998715 /* ViewController.swift */ = {isa = PBXFileReference; lastKnownFileType = sourcecode.swift; path = ViewController.swift; sourceTree = "<group>"; };
		FF3C21972BA713C500998715 /* Base */ = {isa = PBXFileReference; lastKnownFileType = file.storyboard; name = Base; path = Base.lproj/Main.storyboard; sourceTree = "<group>"; };
		FF3C21992BA713C600998715 /* Assets.xcassets */ = {isa = PBXFileReference; lastKnownFileType = folder.assetcatalog; path = Assets.xcassets; sourceTree = "<group>"; };
		FF3C219C2BA713C600998715 /* Base */ = {isa = PBXFileReference; lastKnownFileType = file.storyboard; name = Base; path = Base.lproj/LaunchScreen.storyboard; sourceTree = "<group>"; };
		FF3C219E2BA713C600998715 /* Info.plist */ = {isa = PBXFileReference; lastKnownFileType = text.plist.xml; path = Info.plist; sourceTree = "<group>"; };
		FF3C21AC2BA7174F00998715 /* BookCell.swift */ = {isa = PBXFileReference; lastKnownFileType = sourcecode.swift; path = BookCell.swift; sourceTree = "<group>"; };
		FF3C21AD2BA7174F00998715 /* BookCell.xib */ = {isa = PBXFileReference; lastKnownFileType = file.xib; path = BookCell.xib; sourceTree = "<group>"; };
		FF3C21B02BA7183700998715 /* BookListVC.swift */ = {isa = PBXFileReference; lastKnownFileType = sourcecode.swift; path = BookListVC.swift; sourceTree = "<group>"; };
		FF3C21B22BA7499600998715 /* Book.swift */ = {isa = PBXFileReference; lastKnownFileType = sourcecode.swift; path = Book.swift; sourceTree = "<group>"; };
		FF45F1922BB05B9200E237F0 /* RecommendedCell.swift */ = {isa = PBXFileReference; lastKnownFileType = sourcecode.swift; path = RecommendedCell.swift; sourceTree = "<group>"; };
		FF45F1932BB05B9200E237F0 /* RecommendedCell.xib */ = {isa = PBXFileReference; lastKnownFileType = file.xib; path = RecommendedCell.xib; sourceTree = "<group>"; };
<<<<<<< HEAD
		FF93E0872BAB3619006BDEDD /* BookDetailVC.swift */ = {isa = PBXFileReference; lastKnownFileType = sourcecode.swift; path = BookDetailVC.swift; sourceTree = "<group>"; };
		FFB9398A2BB9947F004FEA6C /* BookListVM.swift */ = {isa = PBXFileReference; lastKnownFileType = sourcecode.swift; path = BookListVM.swift; sourceTree = "<group>"; };
		FFB9398C2BB99F71004FEA6C /* BookDetailVM.swift */ = {isa = PBXFileReference; lastKnownFileType = sourcecode.swift; path = BookDetailVM.swift; sourceTree = "<group>"; };
=======
		FF93E0872BAB3619006BDEDD /* DetailVC.swift */ = {isa = PBXFileReference; lastKnownFileType = sourcecode.swift; path = DetailVC.swift; sourceTree = "<group>"; };
>>>>>>> refs/remotes/origin/main
		FFE392B72BB84DF200A49F91 /* BookStoreDataSource.swift */ = {isa = PBXFileReference; lastKnownFileType = sourcecode.swift; path = BookStoreDataSource.swift; sourceTree = "<group>"; };
		FFE392BA2BB8597400A49F91 /* BookRepository.swift */ = {isa = PBXFileReference; lastKnownFileType = sourcecode.swift; path = BookRepository.swift; sourceTree = "<group>"; };
/* End PBXFileReference section */

/* Begin PBXFrameworksBuildPhase section */
		FF3C218A2BA713C500998715 /* Frameworks */ = {
			isa = PBXFrameworksBuildPhase;
			buildActionMask = 2147483647;
			files = (
			);
			runOnlyForDeploymentPostprocessing = 0;
		};
/* End PBXFrameworksBuildPhase section */

/* Begin PBXGroup section */
		FF3C21842BA713C500998715 = {
			isa = PBXGroup;
			children = (
				FFE392B92BB8596500A49F91 /* repository */,
				FFE392B52BB84DDB00A49F91 /* DataSource */,
				FF93E08B2BAB366F006BDEDD /* Cell */,
				FF93E08A2BAB365A006BDEDD /* ViewController */,
				FF93E0892BAB364C006BDEDD /* Model */,
				FF3C218F2BA713C500998715 /* uitblView */,
				FF3C218E2BA713C500998715 /* Products */,
			);
			sourceTree = "<group>";
		};
		FF3C218E2BA713C500998715 /* Products */ = {
			isa = PBXGroup;
			children = (
				FF3C218D2BA713C500998715 /* uitblView.app */,
			);
			name = Products;
			sourceTree = "<group>";
		};
		FF3C218F2BA713C500998715 /* uitblView */ = {
			isa = PBXGroup;
			children = (
				FF3C21902BA713C500998715 /* AppDelegate.swift */,
				FF3C21922BA713C500998715 /* SceneDelegate.swift */,
				FF3C21942BA713C500998715 /* ViewController.swift */,
				FF3C21992BA713C600998715 /* Assets.xcassets */,
				FF3C219B2BA713C600998715 /* LaunchScreen.storyboard */,
				FF3C21962BA713C500998715 /* Main.storyboard */,
				FF3C219E2BA713C600998715 /* Info.plist */,
			);
			path = uitblView;
			sourceTree = "<group>";
		};
		FF93E0892BAB364C006BDEDD /* Model */ = {
			isa = PBXGroup;
			children = (
				FF3C21B22BA7499600998715 /* Book.swift */,
			);
			path = Model;
			sourceTree = "<group>";
		};
		FF93E08A2BAB365A006BDEDD /* ViewController */ = {
			isa = PBXGroup;
			children = (
<<<<<<< HEAD
				FFB9398A2BB9947F004FEA6C /* BookListVM.swift */,
				FF3C21B02BA7183700998715 /* BookListVC.swift */,
				FF93E0872BAB3619006BDEDD /* BookDetailVC.swift */,
				FFB9398C2BB99F71004FEA6C /* BookDetailVM.swift */,
=======
				FF3C21962BA713C500998715 /* Main.storyboard */,
				FF3C21B02BA7183700998715 /* MainVC.swift */,
				FF93E0872BAB3619006BDEDD /* DetailVC.swift */,
>>>>>>> refs/remotes/origin/main
			);
			path = ViewController;
			sourceTree = "<group>";
		};
		FF93E08B2BAB366F006BDEDD /* Cell */ = {
			isa = PBXGroup;
			children = (
				FF3C21AD2BA7174F00998715 /* BookCell.xib */,
				FF3C21AC2BA7174F00998715 /* BookCell.swift */,
				FF45F1922BB05B9200E237F0 /* RecommendedCell.swift */,
				FF45F1932BB05B9200E237F0 /* RecommendedCell.xib */,
			);
			path = Cell;
			sourceTree = "<group>";
		};
		FFE392B52BB84DDB00A49F91 /* DataSource */ = {
			isa = PBXGroup;
			children = (
				FFE392B62BB84DE300A49F91 /* Local */,
			);
			path = DataSource;
			sourceTree = "<group>";
		};
		FFE392B62BB84DE300A49F91 /* Local */ = {
			isa = PBXGroup;
			children = (
				FFE392B72BB84DF200A49F91 /* BookStoreDataSource.swift */,
			);
			path = Local;
			sourceTree = "<group>";
		};
		FFE392B92BB8596500A49F91 /* repository */ = {
			isa = PBXGroup;
			children = (
				FFE392BA2BB8597400A49F91 /* BookRepository.swift */,
			);
			path = repository;
			sourceTree = "<group>";
		};
/* End PBXGroup section */

/* Begin PBXNativeTarget section */
		FF3C218C2BA713C500998715 /* uitblView */ = {
			isa = PBXNativeTarget;
			buildConfigurationList = FF3C21A12BA713C600998715 /* Build configuration list for PBXNativeTarget "uitblView" */;
			buildPhases = (
				FF3C21892BA713C500998715 /* Sources */,
				FF3C218A2BA713C500998715 /* Frameworks */,
				FF3C218B2BA713C500998715 /* Resources */,
			);
			buildRules = (
			);
			dependencies = (
			);
			name = uitblView;
			productName = uitblView;
			productReference = FF3C218D2BA713C500998715 /* uitblView.app */;
			productType = "com.apple.product-type.application";
		};
/* End PBXNativeTarget section */

/* Begin PBXProject section */
		FF3C21852BA713C500998715 /* Project object */ = {
			isa = PBXProject;
			attributes = {
				BuildIndependentTargetsInParallel = 1;
				LastSwiftUpdateCheck = 1530;
				LastUpgradeCheck = 1530;
				TargetAttributes = {
					FF3C218C2BA713C500998715 = {
						CreatedOnToolsVersion = 15.3;
					};
				};
			};
			buildConfigurationList = FF3C21882BA713C500998715 /* Build configuration list for PBXProject "uitblView" */;
			compatibilityVersion = "Xcode 14.0";
			developmentRegion = en;
			hasScannedForEncodings = 0;
			knownRegions = (
				en,
				Base,
			);
			mainGroup = FF3C21842BA713C500998715;
			productRefGroup = FF3C218E2BA713C500998715 /* Products */;
			projectDirPath = "";
			projectRoot = "";
			targets = (
				FF3C218C2BA713C500998715 /* uitblView */,
			);
		};
/* End PBXProject section */

/* Begin PBXResourcesBuildPhase section */
		FF3C218B2BA713C500998715 /* Resources */ = {
			isa = PBXResourcesBuildPhase;
			buildActionMask = 2147483647;
			files = (
				FF3C21AF2BA7174F00998715 /* BookCell.xib in Resources */,
				FF3C219A2BA713C600998715 /* Assets.xcassets in Resources */,
				FF3C219D2BA713C600998715 /* Base in Resources */,
				FF45F1942BB05B9200E237F0 /* RecommendedCell.xib in Resources */,
				FF3C21982BA713C500998715 /* Base in Resources */,
			);
			runOnlyForDeploymentPostprocessing = 0;
		};
/* End PBXResourcesBuildPhase section */

/* Begin PBXSourcesBuildPhase section */
		FF3C21892BA713C500998715 /* Sources */ = {
			isa = PBXSourcesBuildPhase;
			buildActionMask = 2147483647;
			files = (
				FFE392B82BB84DF200A49F91 /* BookStoreDataSource.swift in Sources */,
<<<<<<< HEAD
				FFB9398B2BB9947F004FEA6C /* BookListVM.swift in Sources */,
				FF3C21AE2BA7174F00998715 /* BookCell.swift in Sources */,
				FFE392BB2BB8597400A49F91 /* BookRepository.swift in Sources */,
				FF3C21B12BA7183700998715 /* BookListVC.swift in Sources */,
=======
				FF3C21AE2BA7174F00998715 /* BookCell.swift in Sources */,
				FFE392BB2BB8597400A49F91 /* BookRepository.swift in Sources */,
				FF3C21B12BA7183700998715 /* MainVC.swift in Sources */,
>>>>>>> refs/remotes/origin/main
				FF3C21B32BA7499600998715 /* Book.swift in Sources */,
				FF45F1952BB05B9200E237F0 /* RecommendedCell.swift in Sources */,
				FF3C21952BA713C500998715 /* ViewController.swift in Sources */,
				FF3C21912BA713C500998715 /* AppDelegate.swift in Sources */,
				FF3C21932BA713C500998715 /* SceneDelegate.swift in Sources */,
<<<<<<< HEAD
				FFB9398D2BB99F71004FEA6C /* BookDetailVM.swift in Sources */,
				FF93E0882BAB3619006BDEDD /* BookDetailVC.swift in Sources */,
=======
				FF93E0882BAB3619006BDEDD /* DetailVC.swift in Sources */,
>>>>>>> refs/remotes/origin/main
			);
			runOnlyForDeploymentPostprocessing = 0;
		};
/* End PBXSourcesBuildPhase section */

/* Begin PBXVariantGroup section */
		FF3C21962BA713C500998715 /* Main.storyboard */ = {
			isa = PBXVariantGroup;
			children = (
				FF3C21972BA713C500998715 /* Base */,
			);
			name = Main.storyboard;
			sourceTree = "<group>";
		};
		FF3C219B2BA713C600998715 /* LaunchScreen.storyboard */ = {
			isa = PBXVariantGroup;
			children = (
				FF3C219C2BA713C600998715 /* Base */,
			);
			name = LaunchScreen.storyboard;
			sourceTree = "<group>";
		};
/* End PBXVariantGroup section */

/* Begin XCBuildConfiguration section */
		FF3C219F2BA713C600998715 /* Debug */ = {
			isa = XCBuildConfiguration;
			buildSettings = {
				ALWAYS_SEARCH_USER_PATHS = NO;
				ASSETCATALOG_COMPILER_GENERATE_SWIFT_ASSET_SYMBOL_EXTENSIONS = YES;
				CLANG_ANALYZER_NONNULL = YES;
				CLANG_ANALYZER_NUMBER_OBJECT_CONVERSION = YES_AGGRESSIVE;
				CLANG_CXX_LANGUAGE_STANDARD = "gnu++20";
				CLANG_ENABLE_MODULES = YES;
				CLANG_ENABLE_OBJC_ARC = YES;
				CLANG_ENABLE_OBJC_WEAK = YES;
				CLANG_WARN_BLOCK_CAPTURE_AUTORELEASING = YES;
				CLANG_WARN_BOOL_CONVERSION = YES;
				CLANG_WARN_COMMA = YES;
				CLANG_WARN_CONSTANT_CONVERSION = YES;
				CLANG_WARN_DEPRECATED_OBJC_IMPLEMENTATIONS = YES;
				CLANG_WARN_DIRECT_OBJC_ISA_USAGE = YES_ERROR;
				CLANG_WARN_DOCUMENTATION_COMMENTS = YES;
				CLANG_WARN_EMPTY_BODY = YES;
				CLANG_WARN_ENUM_CONVERSION = YES;
				CLANG_WARN_INFINITE_RECURSION = YES;
				CLANG_WARN_INT_CONVERSION = YES;
				CLANG_WARN_NON_LITERAL_NULL_CONVERSION = YES;
				CLANG_WARN_OBJC_IMPLICIT_RETAIN_SELF = YES;
				CLANG_WARN_OBJC_LITERAL_CONVERSION = YES;
				CLANG_WARN_OBJC_ROOT_CLASS = YES_ERROR;
				CLANG_WARN_QUOTED_INCLUDE_IN_FRAMEWORK_HEADER = YES;
				CLANG_WARN_RANGE_LOOP_ANALYSIS = YES;
				CLANG_WARN_STRICT_PROTOTYPES = YES;
				CLANG_WARN_SUSPICIOUS_MOVE = YES;
				CLANG_WARN_UNGUARDED_AVAILABILITY = YES_AGGRESSIVE;
				CLANG_WARN_UNREACHABLE_CODE = YES;
				CLANG_WARN__DUPLICATE_METHOD_MATCH = YES;
				COPY_PHASE_STRIP = NO;
				DEBUG_INFORMATION_FORMAT = dwarf;
				ENABLE_STRICT_OBJC_MSGSEND = YES;
				ENABLE_TESTABILITY = YES;
				ENABLE_USER_SCRIPT_SANDBOXING = YES;
				GCC_C_LANGUAGE_STANDARD = gnu17;
				GCC_DYNAMIC_NO_PIC = NO;
				GCC_NO_COMMON_BLOCKS = YES;
				GCC_OPTIMIZATION_LEVEL = 0;
				GCC_PREPROCESSOR_DEFINITIONS = (
					"DEBUG=1",
					"$(inherited)",
				);
				GCC_WARN_64_TO_32_BIT_CONVERSION = YES;
				GCC_WARN_ABOUT_RETURN_TYPE = YES_ERROR;
				GCC_WARN_UNDECLARED_SELECTOR = YES;
				GCC_WARN_UNINITIALIZED_AUTOS = YES_AGGRESSIVE;
				GCC_WARN_UNUSED_FUNCTION = YES;
				GCC_WARN_UNUSED_VARIABLE = YES;
				IPHONEOS_DEPLOYMENT_TARGET = 17.4;
				LOCALIZATION_PREFERS_STRING_CATALOGS = YES;
				MTL_ENABLE_DEBUG_INFO = INCLUDE_SOURCE;
				MTL_FAST_MATH = YES;
				ONLY_ACTIVE_ARCH = YES;
				SDKROOT = iphoneos;
				SWIFT_ACTIVE_COMPILATION_CONDITIONS = "DEBUG $(inherited)";
				SWIFT_OPTIMIZATION_LEVEL = "-Onone";
			};
			name = Debug;
		};
		FF3C21A02BA713C600998715 /* Release */ = {
			isa = XCBuildConfiguration;
			buildSettings = {
				ALWAYS_SEARCH_USER_PATHS = NO;
				ASSETCATALOG_COMPILER_GENERATE_SWIFT_ASSET_SYMBOL_EXTENSIONS = YES;
				CLANG_ANALYZER_NONNULL = YES;
				CLANG_ANALYZER_NUMBER_OBJECT_CONVERSION = YES_AGGRESSIVE;
				CLANG_CXX_LANGUAGE_STANDARD = "gnu++20";
				CLANG_ENABLE_MODULES = YES;
				CLANG_ENABLE_OBJC_ARC = YES;
				CLANG_ENABLE_OBJC_WEAK = YES;
				CLANG_WARN_BLOCK_CAPTURE_AUTORELEASING = YES;
				CLANG_WARN_BOOL_CONVERSION = YES;
				CLANG_WARN_COMMA = YES;
				CLANG_WARN_CONSTANT_CONVERSION = YES;
				CLANG_WARN_DEPRECATED_OBJC_IMPLEMENTATIONS = YES;
				CLANG_WARN_DIRECT_OBJC_ISA_USAGE = YES_ERROR;
				CLANG_WARN_DOCUMENTATION_COMMENTS = YES;
				CLANG_WARN_EMPTY_BODY = YES;
				CLANG_WARN_ENUM_CONVERSION = YES;
				CLANG_WARN_INFINITE_RECURSION = YES;
				CLANG_WARN_INT_CONVERSION = YES;
				CLANG_WARN_NON_LITERAL_NULL_CONVERSION = YES;
				CLANG_WARN_OBJC_IMPLICIT_RETAIN_SELF = YES;
				CLANG_WARN_OBJC_LITERAL_CONVERSION = YES;
				CLANG_WARN_OBJC_ROOT_CLASS = YES_ERROR;
				CLANG_WARN_QUOTED_INCLUDE_IN_FRAMEWORK_HEADER = YES;
				CLANG_WARN_RANGE_LOOP_ANALYSIS = YES;
				CLANG_WARN_STRICT_PROTOTYPES = YES;
				CLANG_WARN_SUSPICIOUS_MOVE = YES;
				CLANG_WARN_UNGUARDED_AVAILABILITY = YES_AGGRESSIVE;
				CLANG_WARN_UNREACHABLE_CODE = YES;
				CLANG_WARN__DUPLICATE_METHOD_MATCH = YES;
				COPY_PHASE_STRIP = NO;
				DEBUG_INFORMATION_FORMAT = "dwarf-with-dsym";
				ENABLE_NS_ASSERTIONS = NO;
				ENABLE_STRICT_OBJC_MSGSEND = YES;
				ENABLE_USER_SCRIPT_SANDBOXING = YES;
				GCC_C_LANGUAGE_STANDARD = gnu17;
				GCC_NO_COMMON_BLOCKS = YES;
				GCC_WARN_64_TO_32_BIT_CONVERSION = YES;
				GCC_WARN_ABOUT_RETURN_TYPE = YES_ERROR;
				GCC_WARN_UNDECLARED_SELECTOR = YES;
				GCC_WARN_UNINITIALIZED_AUTOS = YES_AGGRESSIVE;
				GCC_WARN_UNUSED_FUNCTION = YES;
				GCC_WARN_UNUSED_VARIABLE = YES;
				IPHONEOS_DEPLOYMENT_TARGET = 17.4;
				LOCALIZATION_PREFERS_STRING_CATALOGS = YES;
				MTL_ENABLE_DEBUG_INFO = NO;
				MTL_FAST_MATH = YES;
				SDKROOT = iphoneos;
				SWIFT_COMPILATION_MODE = wholemodule;
				VALIDATE_PRODUCT = YES;
			};
			name = Release;
		};
		FF3C21A22BA713C600998715 /* Debug */ = {
			isa = XCBuildConfiguration;
			buildSettings = {
				ASSETCATALOG_COMPILER_APPICON_NAME = AppIcon;
				ASSETCATALOG_COMPILER_GLOBAL_ACCENT_COLOR_NAME = AccentColor;
				CODE_SIGN_STYLE = Automatic;
				CURRENT_PROJECT_VERSION = 1;
				DEVELOPMENT_TEAM = 4MMDZ72L5F;
				GENERATE_INFOPLIST_FILE = YES;
				INFOPLIST_FILE = uitblView/Info.plist;
				INFOPLIST_KEY_UIApplicationSupportsIndirectInputEvents = YES;
				INFOPLIST_KEY_UILaunchStoryboardName = LaunchScreen;
				INFOPLIST_KEY_UIMainStoryboardFile = Main;
				INFOPLIST_KEY_UISupportedInterfaceOrientations_iPad = "UIInterfaceOrientationPortrait UIInterfaceOrientationPortraitUpsideDown UIInterfaceOrientationLandscapeLeft UIInterfaceOrientationLandscapeRight";
				INFOPLIST_KEY_UISupportedInterfaceOrientations_iPhone = "UIInterfaceOrientationPortrait UIInterfaceOrientationLandscapeLeft UIInterfaceOrientationLandscapeRight";
				LD_RUNPATH_SEARCH_PATHS = (
					"$(inherited)",
					"@executable_path/Frameworks",
				);
				MARKETING_VERSION = 1.0;
				PRODUCT_BUNDLE_IDENTIFIER = com.s1thu.uitblView;
				PRODUCT_NAME = "$(TARGET_NAME)";
				SUPPORTED_PLATFORMS = "iphoneos iphonesimulator";
				SUPPORTS_MACCATALYST = NO;
				SUPPORTS_MAC_DESIGNED_FOR_IPHONE_IPAD = NO;
				SUPPORTS_XR_DESIGNED_FOR_IPHONE_IPAD = NO;
				SWIFT_EMIT_LOC_STRINGS = YES;
				SWIFT_VERSION = 5.0;
				TARGETED_DEVICE_FAMILY = "1,2";
			};
			name = Debug;
		};
		FF3C21A32BA713C600998715 /* Release */ = {
			isa = XCBuildConfiguration;
			buildSettings = {
				ASSETCATALOG_COMPILER_APPICON_NAME = AppIcon;
				ASSETCATALOG_COMPILER_GLOBAL_ACCENT_COLOR_NAME = AccentColor;
				CODE_SIGN_STYLE = Automatic;
				CURRENT_PROJECT_VERSION = 1;
				DEVELOPMENT_TEAM = 4MMDZ72L5F;
				GENERATE_INFOPLIST_FILE = YES;
				INFOPLIST_FILE = uitblView/Info.plist;
				INFOPLIST_KEY_UIApplicationSupportsIndirectInputEvents = YES;
				INFOPLIST_KEY_UILaunchStoryboardName = LaunchScreen;
				INFOPLIST_KEY_UIMainStoryboardFile = Main;
				INFOPLIST_KEY_UISupportedInterfaceOrientations_iPad = "UIInterfaceOrientationPortrait UIInterfaceOrientationPortraitUpsideDown UIInterfaceOrientationLandscapeLeft UIInterfaceOrientationLandscapeRight";
				INFOPLIST_KEY_UISupportedInterfaceOrientations_iPhone = "UIInterfaceOrientationPortrait UIInterfaceOrientationLandscapeLeft UIInterfaceOrientationLandscapeRight";
				LD_RUNPATH_SEARCH_PATHS = (
					"$(inherited)",
					"@executable_path/Frameworks",
				);
				MARKETING_VERSION = 1.0;
				PRODUCT_BUNDLE_IDENTIFIER = com.s1thu.uitblView;
				PRODUCT_NAME = "$(TARGET_NAME)";
				SUPPORTED_PLATFORMS = "iphoneos iphonesimulator";
				SUPPORTS_MACCATALYST = NO;
				SUPPORTS_MAC_DESIGNED_FOR_IPHONE_IPAD = NO;
				SUPPORTS_XR_DESIGNED_FOR_IPHONE_IPAD = NO;
				SWIFT_EMIT_LOC_STRINGS = YES;
				SWIFT_VERSION = 5.0;
				TARGETED_DEVICE_FAMILY = "1,2";
			};
			name = Release;
		};
/* End XCBuildConfiguration section */

/* Begin XCConfigurationList section */
		FF3C21882BA713C500998715 /* Build configuration list for PBXProject "uitblView" */ = {
			isa = XCConfigurationList;
			buildConfigurations = (
				FF3C219F2BA713C600998715 /* Debug */,
				FF3C21A02BA713C600998715 /* Release */,
			);
			defaultConfigurationIsVisible = 0;
			defaultConfigurationName = Release;
		};
		FF3C21A12BA713C600998715 /* Build configuration list for PBXNativeTarget "uitblView" */ = {
			isa = XCConfigurationList;
			buildConfigurations = (
				FF3C21A22BA713C600998715 /* Debug */,
				FF3C21A32BA713C600998715 /* Release */,
			);
			defaultConfigurationIsVisible = 0;
			defaultConfigurationName = Release;
		};
/* End XCConfigurationList section */
	};
	rootObject = FF3C21852BA713C500998715 /* Project object */;
}
