// !$*UTF8*$!
{
	archiveVersion = 1;
	classes = {
	};
	objectVersion = 56;
	objects = {

/* Begin PBXBuildFile section */
		FF61057C2B9C7ED900EEF654 /* AppDelegate.swift in Sources */ = {isa = PBXBuildFile; fileRef = FF61057B2B9C7ED900EEF654 /* AppDelegate.swift */; };
		FF61057E2B9C7ED900EEF654 /* SceneDelegate.swift in Sources */ = {isa = PBXBuildFile; fileRef = FF61057D2B9C7ED900EEF654 /* SceneDelegate.swift */; };
		FF6105802B9C7ED900EEF654 /* ViewController.swift in Sources */ = {isa = PBXBuildFile; fileRef = FF61057F2B9C7ED900EEF654 /* ViewController.swift */; };
		FF6105832B9C7ED900EEF654 /* Main.storyboard in Resources */ = {isa = PBXBuildFile; fileRef = FF6105812B9C7ED900EEF654 /* Main.storyboard */; };
		FF6105852B9C7EDD00EEF654 /* Assets.xcassets in Resources */ = {isa = PBXBuildFile; fileRef = FF6105842B9C7EDD00EEF654 /* Assets.xcassets */; };
		FF6105882B9C7EDD00EEF654 /* LaunchScreen.storyboard in Resources */ = {isa = PBXBuildFile; fileRef = FF6105862B9C7EDD00EEF654 /* LaunchScreen.storyboard */; };
		FF6105912B9C7F1500EEF654 /* main.storyboard in Resources */ = {isa = PBXBuildFile; fileRef = FF6105902B9C7F1500EEF654 /* main.storyboard */; };
		FF6105932B9C89E400EEF654 /* validationformVC.swift in Sources */ = {isa = PBXBuildFile; fileRef = FF6105922B9C89E400EEF654 /* validationformVC.swift */; };
/* End PBXBuildFile section */

/* Begin PBXFileReference section */
		FF6105782B9C7ED900EEF654 /* validationform.app */ = {isa = PBXFileReference; explicitFileType = wrapper.application; includeInIndex = 0; path = validationform.app; sourceTree = BUILT_PRODUCTS_DIR; };
		FF61057B2B9C7ED900EEF654 /* AppDelegate.swift */ = {isa = PBXFileReference; lastKnownFileType = sourcecode.swift; path = AppDelegate.swift; sourceTree = "<group>"; };
		FF61057D2B9C7ED900EEF654 /* SceneDelegate.swift */ = {isa = PBXFileReference; lastKnownFileType = sourcecode.swift; path = SceneDelegate.swift; sourceTree = "<group>"; };
		FF61057F2B9C7ED900EEF654 /* ViewController.swift */ = {isa = PBXFileReference; lastKnownFileType = sourcecode.swift; path = ViewController.swift; sourceTree = "<group>"; };
		FF6105822B9C7ED900EEF654 /* Base */ = {isa = PBXFileReference; lastKnownFileType = file.storyboard; name = Base; path = Base.lproj/Main.storyboard; sourceTree = "<group>"; };
		FF6105842B9C7EDD00EEF654 /* Assets.xcassets */ = {isa = PBXFileReference; lastKnownFileType = folder.assetcatalog; path = Assets.xcassets; sourceTree = "<group>"; };
		FF6105872B9C7EDD00EEF654 /* Base */ = {isa = PBXFileReference; lastKnownFileType = file.storyboard; name = Base; path = Base.lproj/LaunchScreen.storyboard; sourceTree = "<group>"; };
		FF6105892B9C7EDD00EEF654 /* Info.plist */ = {isa = PBXFileReference; lastKnownFileType = text.plist.xml; path = Info.plist; sourceTree = "<group>"; };
		FF6105902B9C7F1500EEF654 /* main.storyboard */ = {isa = PBXFileReference; lastKnownFileType = file.storyboard; path = main.storyboard; sourceTree = "<group>"; };
		FF6105922B9C89E400EEF654 /* validationformVC.swift */ = {isa = PBXFileReference; lastKnownFileType = sourcecode.swift; path = validationformVC.swift; sourceTree = "<group>"; };
/* End PBXFileReference section */

/* Begin PBXFrameworksBuildPhase section */
		FF6105752B9C7ED900EEF654 /* Frameworks */ = {
			isa = PBXFrameworksBuildPhase;
			buildActionMask = 2147483647;
			files = (
			);
			runOnlyForDeploymentPostprocessing = 0;
		};
/* End PBXFrameworksBuildPhase section */

/* Begin PBXGroup section */
		FF61056F2B9C7ED900EEF654 = {
			isa = PBXGroup;
			children = (
				FF61058F2B9C7EF800EEF654 /* Validationform-sithu */,
				FF61057A2B9C7ED900EEF654 /* validationform */,
				FF6105792B9C7ED900EEF654 /* Products */,
			);
			sourceTree = "<group>";
		};
		FF6105792B9C7ED900EEF654 /* Products */ = {
			isa = PBXGroup;
			children = (
				FF6105782B9C7ED900EEF654 /* validationform.app */,
			);
			name = Products;
			sourceTree = "<group>";
		};
		FF61057A2B9C7ED900EEF654 /* validationform */ = {
			isa = PBXGroup;
			children = (
				FF61057B2B9C7ED900EEF654 /* AppDelegate.swift */,
				FF61057D2B9C7ED900EEF654 /* SceneDelegate.swift */,
				FF61057F2B9C7ED900EEF654 /* ViewController.swift */,
				FF6105812B9C7ED900EEF654 /* Main.storyboard */,
				FF6105842B9C7EDD00EEF654 /* Assets.xcassets */,
				FF6105862B9C7EDD00EEF654 /* LaunchScreen.storyboard */,
				FF6105892B9C7EDD00EEF654 /* Info.plist */,
			);
			path = validationform;
			sourceTree = "<group>";
		};
		FF61058F2B9C7EF800EEF654 /* Validationform-sithu */ = {
			isa = PBXGroup;
			children = (
				FF6105902B9C7F1500EEF654 /* main.storyboard */,
				FF6105922B9C89E400EEF654 /* validationformVC.swift */,
			);
			path = "Validationform-sithu";
			sourceTree = "<group>";
		};
/* End PBXGroup section */

/* Begin PBXNativeTarget section */
		FF6105772B9C7ED900EEF654 /* validationform */ = {
			isa = PBXNativeTarget;
			buildConfigurationList = FF61058C2B9C7EDD00EEF654 /* Build configuration list for PBXNativeTarget "validationform" */;
			buildPhases = (
				FF6105742B9C7ED900EEF654 /* Sources */,
				FF6105752B9C7ED900EEF654 /* Frameworks */,
				FF6105762B9C7ED900EEF654 /* Resources */,
			);
			buildRules = (
			);
			dependencies = (
			);
			name = validationform;
			productName = validationform;
			productReference = FF6105782B9C7ED900EEF654 /* validationform.app */;
			productType = "com.apple.product-type.application";
		};
/* End PBXNativeTarget section */

/* Begin PBXProject section */
		FF6105702B9C7ED900EEF654 /* Project object */ = {
			isa = PBXProject;
			attributes = {
				BuildIndependentTargetsInParallel = 1;
				LastSwiftUpdateCheck = 1520;
				LastUpgradeCheck = 1520;
				TargetAttributes = {
					FF6105772B9C7ED900EEF654 = {
						CreatedOnToolsVersion = 15.2;
					};
				};
			};
			buildConfigurationList = FF6105732B9C7ED900EEF654 /* Build configuration list for PBXProject "validationform" */;
			compatibilityVersion = "Xcode 14.0";
			developmentRegion = en;
			hasScannedForEncodings = 0;
			knownRegions = (
				en,
				Base,
			);
			mainGroup = FF61056F2B9C7ED900EEF654;
			productRefGroup = FF6105792B9C7ED900EEF654 /* Products */;
			projectDirPath = "";
			projectRoot = "";
			targets = (
				FF6105772B9C7ED900EEF654 /* validationform */,
			);
		};
/* End PBXProject section */

/* Begin PBXResourcesBuildPhase section */
		FF6105762B9C7ED900EEF654 /* Resources */ = {
			isa = PBXResourcesBuildPhase;
			buildActionMask = 2147483647;
			files = (
				FF6105882B9C7EDD00EEF654 /* LaunchScreen.storyboard in Resources */,
				FF6105852B9C7EDD00EEF654 /* Assets.xcassets in Resources */,
				FF6105832B9C7ED900EEF654 /* Main.storyboard in Resources */,
				FF6105912B9C7F1500EEF654 /* main.storyboard in Resources */,
			);
			runOnlyForDeploymentPostprocessing = 0;
		};
/* End PBXResourcesBuildPhase section */

/* Begin PBXSourcesBuildPhase section */
		FF6105742B9C7ED900EEF654 /* Sources */ = {
			isa = PBXSourcesBuildPhase;
			buildActionMask = 2147483647;
			files = (
				FF6105802B9C7ED900EEF654 /* ViewController.swift in Sources */,
				FF6105932B9C89E400EEF654 /* validationformVC.swift in Sources */,
				FF61057C2B9C7ED900EEF654 /* AppDelegate.swift in Sources */,
				FF61057E2B9C7ED900EEF654 /* SceneDelegate.swift in Sources */,
			);
			runOnlyForDeploymentPostprocessing = 0;
		};
/* End PBXSourcesBuildPhase section */

/* Begin PBXVariantGroup section */
		FF6105812B9C7ED900EEF654 /* Main.storyboard */ = {
			isa = PBXVariantGroup;
			children = (
				FF6105822B9C7ED900EEF654 /* Base */,
			);
			name = Main.storyboard;
			sourceTree = "<group>";
		};
		FF6105862B9C7EDD00EEF654 /* LaunchScreen.storyboard */ = {
			isa = PBXVariantGroup;
			children = (
				FF6105872B9C7EDD00EEF654 /* Base */,
			);
			name = LaunchScreen.storyboard;
			sourceTree = "<group>";
		};
/* End PBXVariantGroup section */

/* Begin XCBuildConfiguration section */
		FF61058A2B9C7EDD00EEF654 /* Debug */ = {
			isa = XCBuildConfiguration;
			buildSettings = {
				ALWAYS_SEARCH_USER_PATHS = NO;
				ASSETCATALOG_COMPILER_GENERATE_SWIFT_ASSET_SYMBOL_EXTENSIONS = YES;
				CLANG_ANALYZER_NONNULL = YES;
				CLANG_ANALYZER_NUMBER_OBJECT_CONVERSION = YES_AGGRESSIVE;
				CLANG_CXX_LANGUAGE_STANDARD = "gnu++20";
				CLANG_ENABLE_MODULES = YES;
				CLANG_ENABLE_OBJC_ARC = YES;
				CLANG_ENABLE_OBJC_WEAK = YES;
				CLANG_WARN_BLOCK_CAPTURE_AUTORELEASING = YES;
				CLANG_WARN_BOOL_CONVERSION = YES;
				CLANG_WARN_COMMA = YES;
				CLANG_WARN_CONSTANT_CONVERSION = YES;
				CLANG_WARN_DEPRECATED_OBJC_IMPLEMENTATIONS = YES;
				CLANG_WARN_DIRECT_OBJC_ISA_USAGE = YES_ERROR;
				CLANG_WARN_DOCUMENTATION_COMMENTS = YES;
				CLANG_WARN_EMPTY_BODY = YES;
				CLANG_WARN_ENUM_CONVERSION = YES;
				CLANG_WARN_INFINITE_RECURSION = YES;
				CLANG_WARN_INT_CONVERSION = YES;
				CLANG_WARN_NON_LITERAL_NULL_CONVERSION = YES;
				CLANG_WARN_OBJC_IMPLICIT_RETAIN_SELF = YES;
				CLANG_WARN_OBJC_LITERAL_CONVERSION = YES;
				CLANG_WARN_OBJC_ROOT_CLASS = YES_ERROR;
				CLANG_WARN_QUOTED_INCLUDE_IN_FRAMEWORK_HEADER = YES;
				CLANG_WARN_RANGE_LOOP_ANALYSIS = YES;
				CLANG_WARN_STRICT_PROTOTYPES = YES;
				CLANG_WARN_SUSPICIOUS_MOVE = YES;
				CLANG_WARN_UNGUARDED_AVAILABILITY = YES_AGGRESSIVE;
				CLANG_WARN_UNREACHABLE_CODE = YES;
				CLANG_WARN__DUPLICATE_METHOD_MATCH = YES;
				COPY_PHASE_STRIP = NO;
				DEBUG_INFORMATION_FORMAT = dwarf;
				ENABLE_STRICT_OBJC_MSGSEND = YES;
				ENABLE_TESTABILITY = YES;
				ENABLE_USER_SCRIPT_SANDBOXING = YES;
				GCC_C_LANGUAGE_STANDARD = gnu17;
				GCC_DYNAMIC_NO_PIC = NO;
				GCC_NO_COMMON_BLOCKS = YES;
				GCC_OPTIMIZATION_LEVEL = 0;
				GCC_PREPROCESSOR_DEFINITIONS = (
					"DEBUG=1",
					"$(inherited)",
				);
				GCC_WARN_64_TO_32_BIT_CONVERSION = YES;
				GCC_WARN_ABOUT_RETURN_TYPE = YES_ERROR;
				GCC_WARN_UNDECLARED_SELECTOR = YES;
				GCC_WARN_UNINITIALIZED_AUTOS = YES_AGGRESSIVE;
				GCC_WARN_UNUSED_FUNCTION = YES;
				GCC_WARN_UNUSED_VARIABLE = YES;
				IPHONEOS_DEPLOYMENT_TARGET = 17.2;
				LOCALIZATION_PREFERS_STRING_CATALOGS = YES;
				MTL_ENABLE_DEBUG_INFO = INCLUDE_SOURCE;
				MTL_FAST_MATH = YES;
				ONLY_ACTIVE_ARCH = YES;
				SDKROOT = iphoneos;
				SWIFT_ACTIVE_COMPILATION_CONDITIONS = "DEBUG $(inherited)";
				SWIFT_OPTIMIZATION_LEVEL = "-Onone";
			};
			name = Debug;
		};
		FF61058B2B9C7EDD00EEF654 /* Release */ = {
			isa = XCBuildConfiguration;
			buildSettings = {
				ALWAYS_SEARCH_USER_PATHS = NO;
				ASSETCATALOG_COMPILER_GENERATE_SWIFT_ASSET_SYMBOL_EXTENSIONS = YES;
				CLANG_ANALYZER_NONNULL = YES;
				CLANG_ANALYZER_NUMBER_OBJECT_CONVERSION = YES_AGGRESSIVE;
				CLANG_CXX_LANGUAGE_STANDARD = "gnu++20";
				CLANG_ENABLE_MODULES = YES;
				CLANG_ENABLE_OBJC_ARC = YES;
				CLANG_ENABLE_OBJC_WEAK = YES;
				CLANG_WARN_BLOCK_CAPTURE_AUTORELEASING = YES;
				CLANG_WARN_BOOL_CONVERSION = YES;
				CLANG_WARN_COMMA = YES;
				CLANG_WARN_CONSTANT_CONVERSION = YES;
				CLANG_WARN_DEPRECATED_OBJC_IMPLEMENTATIONS = YES;
				CLANG_WARN_DIRECT_OBJC_ISA_USAGE = YES_ERROR;
				CLANG_WARN_DOCUMENTATION_COMMENTS = YES;
				CLANG_WARN_EMPTY_BODY = YES;
				CLANG_WARN_ENUM_CONVERSION = YES;
				CLANG_WARN_INFINITE_RECURSION = YES;
				CLANG_WARN_INT_CONVERSION = YES;
				CLANG_WARN_NON_LITERAL_NULL_CONVERSION = YES;
				CLANG_WARN_OBJC_IMPLICIT_RETAIN_SELF = YES;
				CLANG_WARN_OBJC_LITERAL_CONVERSION = YES;
				CLANG_WARN_OBJC_ROOT_CLASS = YES_ERROR;
				CLANG_WARN_QUOTED_INCLUDE_IN_FRAMEWORK_HEADER = YES;
				CLANG_WARN_RANGE_LOOP_ANALYSIS = YES;
				CLANG_WARN_STRICT_PROTOTYPES = YES;
				CLANG_WARN_SUSPICIOUS_MOVE = YES;
				CLANG_WARN_UNGUARDED_AVAILABILITY = YES_AGGRESSIVE;
				CLANG_WARN_UNREACHABLE_CODE = YES;
				CLANG_WARN__DUPLICATE_METHOD_MATCH = YES;
				COPY_PHASE_STRIP = NO;
				DEBUG_INFORMATION_FORMAT = "dwarf-with-dsym";
				ENABLE_NS_ASSERTIONS = NO;
				ENABLE_STRICT_OBJC_MSGSEND = YES;
				ENABLE_USER_SCRIPT_SANDBOXING = YES;
				GCC_C_LANGUAGE_STANDARD = gnu17;
				GCC_NO_COMMON_BLOCKS = YES;
				GCC_WARN_64_TO_32_BIT_CONVERSION = YES;
				GCC_WARN_ABOUT_RETURN_TYPE = YES_ERROR;
				GCC_WARN_UNDECLARED_SELECTOR = YES;
				GCC_WARN_UNINITIALIZED_AUTOS = YES_AGGRESSIVE;
				GCC_WARN_UNUSED_FUNCTION = YES;
				GCC_WARN_UNUSED_VARIABLE = YES;
				IPHONEOS_DEPLOYMENT_TARGET = 17.2;
				LOCALIZATION_PREFERS_STRING_CATALOGS = YES;
				MTL_ENABLE_DEBUG_INFO = NO;
				MTL_FAST_MATH = YES;
				SDKROOT = iphoneos;
				SWIFT_COMPILATION_MODE = wholemodule;
				VALIDATE_PRODUCT = YES;
			};
			name = Release;
		};
		FF61058D2B9C7EDD00EEF654 /* Debug */ = {
			isa = XCBuildConfiguration;
			buildSettings = {
				ASSETCATALOG_COMPILER_APPICON_NAME = AppIcon;
				ASSETCATALOG_COMPILER_GLOBAL_ACCENT_COLOR_NAME = AccentColor;
				CODE_SIGN_STYLE = Automatic;
				CURRENT_PROJECT_VERSION = 1;
				DEVELOPMENT_TEAM = 4MMDZ72L5F;
				GENERATE_INFOPLIST_FILE = YES;
				INFOPLIST_FILE = validationform/Info.plist;
				INFOPLIST_KEY_UIApplicationSupportsIndirectInputEvents = YES;
				INFOPLIST_KEY_UILaunchStoryboardName = LaunchScreen;
				INFOPLIST_KEY_UIMainStoryboardFile = Main;
				INFOPLIST_KEY_UISupportedInterfaceOrientations_iPad = "UIInterfaceOrientationPortrait UIInterfaceOrientationPortraitUpsideDown UIInterfaceOrientationLandscapeLeft UIInterfaceOrientationLandscapeRight";
				INFOPLIST_KEY_UISupportedInterfaceOrientations_iPhone = "UIInterfaceOrientationPortrait UIInterfaceOrientationLandscapeLeft UIInterfaceOrientationLandscapeRight";
				LD_RUNPATH_SEARCH_PATHS = (
					"$(inherited)",
					"@executable_path/Frameworks",
				);
				MARKETING_VERSION = 1.0;
				PRODUCT_BUNDLE_IDENTIFIER = com.s1thu.validationform;
				PRODUCT_NAME = "$(TARGET_NAME)";
				SUPPORTED_PLATFORMS = "iphoneos iphonesimulator";
				SUPPORTS_MACCATALYST = NO;
				SUPPORTS_MAC_DESIGNED_FOR_IPHONE_IPAD = NO;
				SUPPORTS_XR_DESIGNED_FOR_IPHONE_IPAD = NO;
				SWIFT_EMIT_LOC_STRINGS = YES;
				SWIFT_VERSION = 5.0;
				TARGETED_DEVICE_FAMILY = "1,2";
			};
			name = Debug;
		};
		FF61058E2B9C7EDD00EEF654 /* Release */ = {
			isa = XCBuildConfiguration;
			buildSettings = {
				ASSETCATALOG_COMPILER_APPICON_NAME = AppIcon;
				ASSETCATALOG_COMPILER_GLOBAL_ACCENT_COLOR_NAME = AccentColor;
				CODE_SIGN_STYLE = Automatic;
				CURRENT_PROJECT_VERSION = 1;
				DEVELOPMENT_TEAM = 4MMDZ72L5F;
				GENERATE_INFOPLIST_FILE = YES;
				INFOPLIST_FILE = validationform/Info.plist;
				INFOPLIST_KEY_UIApplicationSupportsIndirectInputEvents = YES;
				INFOPLIST_KEY_UILaunchStoryboardName = LaunchScreen;
				INFOPLIST_KEY_UIMainStoryboardFile = Main;
				INFOPLIST_KEY_UISupportedInterfaceOrientations_iPad = "UIInterfaceOrientationPortrait UIInterfaceOrientationPortraitUpsideDown UIInterfaceOrientationLandscapeLeft UIInterfaceOrientationLandscapeRight";
				INFOPLIST_KEY_UISupportedInterfaceOrientations_iPhone = "UIInterfaceOrientationPortrait UIInterfaceOrientationLandscapeLeft UIInterfaceOrientationLandscapeRight";
				LD_RUNPATH_SEARCH_PATHS = (
					"$(inherited)",
					"@executable_path/Frameworks",
				);
				MARKETING_VERSION = 1.0;
				PRODUCT_BUNDLE_IDENTIFIER = com.s1thu.validationform;
				PRODUCT_NAME = "$(TARGET_NAME)";
				SUPPORTED_PLATFORMS = "iphoneos iphonesimulator";
				SUPPORTS_MACCATALYST = NO;
				SUPPORTS_MAC_DESIGNED_FOR_IPHONE_IPAD = NO;
				SUPPORTS_XR_DESIGNED_FOR_IPHONE_IPAD = NO;
				SWIFT_EMIT_LOC_STRINGS = YES;
				SWIFT_VERSION = 5.0;
				TARGETED_DEVICE_FAMILY = "1,2";
			};
			name = Release;
		};
/* End XCBuildConfiguration section */

/* Begin XCConfigurationList section */
		FF6105732B9C7ED900EEF654 /* Build configuration list for PBXProject "validationform" */ = {
			isa = XCConfigurationList;
			buildConfigurations = (
				FF61058A2B9C7EDD00EEF654 /* Debug */,
				FF61058B2B9C7EDD00EEF654 /* Release */,
			);
			defaultConfigurationIsVisible = 0;
			defaultConfigurationName = Release;
		};
		FF61058C2B9C7EDD00EEF654 /* Build configuration list for PBXNativeTarget "validationform" */ = {
			isa = XCConfigurationList;
			buildConfigurations = (
				FF61058D2B9C7EDD00EEF654 /* Debug */,
				FF61058E2B9C7EDD00EEF654 /* Release */,
			);
			defaultConfigurationIsVisible = 0;
			defaultConfigurationName = Release;
		};
/* End XCConfigurationList section */
	};
	rootObject = FF6105702B9C7ED900EEF654 /* Project object */;
}
